{
	"name": "test",
	"version": "1.0.0",
	"lockfileVersion": 2,
	"requires": true,
	"packages": {
		"": {
			"name": "test",
			"version": "1.0.0",
			"devDependencies": {
				"@jsdesigndeveloper/plugin-typings": "^1.0.2",
				"typescript": "*"
			}
		},
		"node_modules/@jsdesigndeveloper/plugin-typings": {
			"version": "1.0.3",
			"resolved": "https://registry.npmjs.org/@jsdesigndeveloper/plugin-typings/-/plugin-typings-1.0.3.tgz",
			"integrity": "sha512-+CMLaZ7VAKkYfZ126gnhOQHk1wVdtLuWqus2LrvnE1Ne3Cbx0YbgFSRH+S8qZ4ZMNoAaGlSMHhBQB7CwgGPl5A==",
			"dev": true
		},
		"node_modules/typescript": {
			"version": "4.7.4",
			"resolved": "https://registry.npmjs.org/typescript/-/typescript-4.7.4.tgz",
			"integrity": "sha512-C0WQT0gezHuw6AdY1M2jxUO83Rjf0HP7Sk1DtXj6j1EwkQNZrHAg2XPWlq62oqEhYvONq5pkC2Y9oPljWToLmQ==",
			"dev": true,
			"bin": {
				"tsc": "bin/tsc",
				"tsserver": "bin/tsserver"
			},
			"engines": {
				"node": ">=4.2.0"
			}
		}
	},
	"dependencies": {
		"@jsdesigndeveloper/plugin-typings": {
			"version": "1.0.3",
			"resolved": "https://registry.npmjs.org/@jsdesigndeveloper/plugin-typings/-/plugin-typings-1.0.3.tgz",
			"integrity": "sha512-+CMLaZ7VAKkYfZ126gnhOQHk1wVdtLuWqus2LrvnE1Ne3Cbx0YbgFSRH+S8qZ4ZMNoAaGlSMHhBQB7CwgGPl5A==",
			"dev": true
		},
		"typescript": {
			"version": "4.7.4",
			"resolved": "https://registry.npmjs.org/typescript/-/typescript-4.7.4.tgz",
			"integrity": "sha512-C0WQT0gezHuw6AdY1M2jxUO83Rjf0HP7Sk1DtXj6j1EwkQNZrHAg2XPWlq62oqEhYvONq5pkC2Y9oPljWToLmQ==",
			"dev": true
		}
	}
}
